<?xml version="1.0" encoding="utf-8"?>
<Project ToolsVersion="4.0" xmlns="http://schemas.microsoft.com/developer/msbuild/2003">
  <ItemGroup>
    <Filter Include="Source Files">
      <UniqueIdentifier>{4FC737F1-C7A5-4376-A066-2A32D752A2FF}</UniqueIdentifier>
      <Extensions>cpp;c;cc;cxx;c++;cppm;ixx;def;odl;idl;hpj;bat;asm;asmx</Extensions>
    </Filter>
    <Filter Include="Header Files">
      <UniqueIdentifier>{93995380-89BD-4b04-88EB-625FBE52EBFB}</UniqueIdentifier>
      <Extensions>h;hh;hpp;hxx;h++;hm;inl;inc;ipp;xsd</Extensions>
    </Filter>
    <Filter Include="Resource Files">
      <UniqueIdentifier>{67DA6AB6-F800-4c08-8B7A-83BB121AAD01}</UniqueIdentifier>
      <Extensions>rc;ico;cur;bmp;dlg;rc2;rct;bin;rgs;gif;jpg;jpeg;jpe;resx;tiff;tif;png;wav;mfcribbon-ms</Extensions>
    </Filter>
    <Filter Include="FlowSolver">
      <UniqueIdentifier>{2e971237-d8cb-449b-9dbb-c3795a2a71a6}</UniqueIdentifier>
    </Filter>
    <Filter Include="_tools">
      <UniqueIdentifier>{3743e6bd-22cc-46d0-a3c4-6ff21068a55c}</UniqueIdentifier>
    </Filter>
  </ItemGroup>
  <ItemGroup>
    <ClCompile Include="src\main.cpp">
      <Filter>Source Files</Filter>
    </ClCompile>
    <ClCompile Include="src\FlowMain.cpp">
      <Filter>FlowSolver</Filter>
    </ClCompile>
    <ClCompile Include="FromOuterSparse\SparseMatrix.cpp">
      <Filter>_tools</Filter>
    </ClCompile>
    <ClCompile Include="src\toolkit.cpp">
      <Filter>_tools</Filter>
    </ClCompile>
    <ClCompile Include="src\FlowProjection.cpp">
      <Filter>FlowSolver</Filter>
    </ClCompile>
    <ClCompile Include="src\FlowSimple.cpp">
      <Filter>FlowSolver</Filter>
    </ClCompile>
    <ClCompile Include="src\FlowHeat.cpp">
      <Filter>FlowSolver</Filter>
    </ClCompile>
    <ClCompile Include="src\FlowTest.cpp">
      <Filter>FlowSolver</Filter>
    </ClCompile>
    <ClCompile Include="src\form_matrix_and_rhs.cpp">
      <Filter>FlowSolver</Filter>
    </ClCompile>
    <ClCompile Include="src\StreamFunction.cpp">
      <Filter>FlowSolver</Filter>
    </ClCompile>
    <ClCompile Include="src\FlowVibrations.cpp">
      <Filter>FlowSolver</Filter>
    </ClCompile>
    <ClCompile Include="FromOuterSparse\SparseMatrix_IO.cpp">
      <Filter>_tools</Filter>
    </ClCompile>
  </ItemGroup>
  <ItemGroup>
    <ClInclude Include="src\FlowSolver.h">
      <Filter>FlowSolver</Filter>
    </ClInclude>
    <ClInclude Include="src\toolkit.h">
      <Filter>_tools</Filter>
    </ClInclude>
    <ClInclude Include="FromOuterSparse\SparseMatrix.h">
      <Filter>_tools</Filter>
    </ClInclude>
    <ClInclude Include="src\Configuration.h">
      <Filter>_tools</Filter>
    </ClInclude>
    <ClInclude Include="src\Variable.h">
      <Filter>FlowSolver</Filter>
    </ClInclude>
    <ClInclude Include="src\IterativeSolver.h">
      <Filter>FlowSolver</Filter>
    </ClInclude>
    <ClInclude Include="src\Extras.h">
      <Filter>FlowSolver</Filter>
    </ClInclude>
  </ItemGroup>
  <ItemGroup>
    <None Include=".gitignore" />
  </ItemGroup>
</Project>